
Microsoft Visual Studio Solution File, Format Version 12.00
# Visual Studio Version 17
VisualStudioVersion = 17.9.34622.214
MinimumVisualStudioVersion = 10.0.40219.1
Project("{2150E333-8FDC-42A3-9474-1A3956D46DE8}") = "Services", "Services", "{2F557154-EC23-4E55-8F95-33903D9EE7AE}"
EndProject
Project("{2150E333-8FDC-42A3-9474-1A3956D46DE8}") = "Catalog", "Catalog", "{812F8DE0-6219-4AC0-B3DE-5FCCD36494CE}"
EndProject
Project("{9A19103F-16F7-4668-BE54-9A1E7A4F7556}") = "MultiShop.Catalog", "Services\Catalog\MultiShop.Catalog\MultiShop.Catalog.csproj", "{AE91E33C-DB06-473E-B70E-DF62694F02A5}"
EndProject
Project("{2150E333-8FDC-42A3-9474-1A3956D46DE8}") = "Discount", "Discount", "{DDD90A19-B13D-472E-A40C-535E81D0A37C}"
EndProject
Project("{9A19103F-16F7-4668-BE54-9A1E7A4F7556}") = "MultiShop.Discount", "Services\Discount\MultiShop.Discount\MultiShop.Discount.csproj", "{37F7FD39-6FC4-4CD1-AFA4-A5290ED09CC6}"
EndProject
Project("{2150E333-8FDC-42A3-9474-1A3956D46DE8}") = "Order", "Order", "{569CC738-9D88-424C-9D6E-93A8A20B713C}"
EndProject
Project("{2150E333-8FDC-42A3-9474-1A3956D46DE8}") = "Core", "Core", "{8CEA36C9-243C-4262-8190-7807CC82BA42}"
EndProject
Project("{2150E333-8FDC-42A3-9474-1A3956D46DE8}") = "Infrastructure", "Infrastructure", "{C6DD1458-A5A4-4788-B8FF-3DB328E0999C}"
EndProject
Project("{2150E333-8FDC-42A3-9474-1A3956D46DE8}") = "Presentation", "Presentation", "{BB53DDE8-4144-4A3B-8356-6F2C924D3686}"
EndProject
Project("{9A19103F-16F7-4668-BE54-9A1E7A4F7556}") = "MultiShop.Order.Domain", "Services\Order\Core\MultiShop.Order.Domain\MultiShop.Order.Domain.csproj", "{AEBA19C8-C1DB-460A-A3CE-9B4BF7437A53}"
EndProject
Project("{9A19103F-16F7-4668-BE54-9A1E7A4F7556}") = "MultiShop.Order.Application", "MultiShop.Order.Application\MultiShop.Order.Application.csproj", "{D5C18615-78E6-4022-9668-0058BC5DD172}"
EndProject
Project("{9A19103F-16F7-4668-BE54-9A1E7A4F7556}") = "MultiShop.Order.Persistance", "MultiShop.Order.Persistance\MultiShop.Order.Persistance.csproj", "{99EAA249-73D1-4336-8B7F-EF37768DBAE6}"
EndProject
Project("{9A19103F-16F7-4668-BE54-9A1E7A4F7556}") = "MultiShop.Order.WebApi", "MultiShop.Order.WebApi\MultiShop.Order.WebApi.csproj", "{E940FB5B-F944-43A4-9062-2ED517419161}"
EndProject
Project("{2150E333-8FDC-42A3-9474-1A3956D46DE8}") = "IdentityServer", "IdentityServer", "{D259219C-EC2E-4716-BB5F-6170BE4BAA02}"
EndProject
Project("{9A19103F-16F7-4668-BE54-9A1E7A4F7556}") = "MultiShop.IdentityServer", "IdentityServer\MultiShop.IdentityServer\MultiShop.IdentityServer.csproj", "{20D7D5CF-7734-4368-A5E5-22F6DD4ED4AA}"
EndProject
Global
	GlobalSection(SolutionConfigurationPlatforms) = preSolution
		Debug|Any CPU = Debug|Any CPU
		Release|Any CPU = Release|Any CPU
	EndGlobalSection
	GlobalSection(ProjectConfigurationPlatforms) = postSolution
		{AE91E33C-DB06-473E-B70E-DF62694F02A5}.Debug|Any CPU.ActiveCfg = Debug|Any CPU
		{AE91E33C-DB06-473E-B70E-DF62694F02A5}.Debug|Any CPU.Build.0 = Debug|Any CPU
		{AE91E33C-DB06-473E-B70E-DF62694F02A5}.Release|Any CPU.ActiveCfg = Release|Any CPU
		{AE91E33C-DB06-473E-B70E-DF62694F02A5}.Release|Any CPU.Build.0 = Release|Any CPU
		{37F7FD39-6FC4-4CD1-AFA4-A5290ED09CC6}.Debug|Any CPU.ActiveCfg = Debug|Any CPU
		{37F7FD39-6FC4-4CD1-AFA4-A5290ED09CC6}.Debug|Any CPU.Build.0 = Debug|Any CPU
		{37F7FD39-6FC4-4CD1-AFA4-A5290ED09CC6}.Release|Any CPU.ActiveCfg = Release|Any CPU
		{37F7FD39-6FC4-4CD1-AFA4-A5290ED09CC6}.Release|Any CPU.Build.0 = Release|Any CPU
		{AEBA19C8-C1DB-460A-A3CE-9B4BF7437A53}.Debug|Any CPU.ActiveCfg = Debug|Any CPU
		{AEBA19C8-C1DB-460A-A3CE-9B4BF7437A53}.Debug|Any CPU.Build.0 = Debug|Any CPU
		{AEBA19C8-C1DB-460A-A3CE-9B4BF7437A53}.Release|Any CPU.ActiveCfg = Release|Any CPU
		{AEBA19C8-C1DB-460A-A3CE-9B4BF7437A53}.Release|Any CPU.Build.0 = Release|Any CPU
		{D5C18615-78E6-4022-9668-0058BC5DD172}.Debug|Any CPU.ActiveCfg = Debug|Any CPU
		{D5C18615-78E6-4022-9668-0058BC5DD172}.Debug|Any CPU.Build.0 = Debug|Any CPU
		{D5C18615-78E6-4022-9668-0058BC5DD172}.Release|Any CPU.ActiveCfg = Release|Any CPU
		{D5C18615-78E6-4022-9668-0058BC5DD172}.Release|Any CPU.Build.0 = Release|Any CPU
		{99EAA249-73D1-4336-8B7F-EF37768DBAE6}.Debug|Any CPU.ActiveCfg = Debug|Any CPU
		{99EAA249-73D1-4336-8B7F-EF37768DBAE6}.Debug|Any CPU.Build.0 = Debug|Any CPU
		{99EAA249-73D1-4336-8B7F-EF37768DBAE6}.Release|Any CPU.ActiveCfg = Release|Any CPU
		{99EAA249-73D1-4336-8B7F-EF37768DBAE6}.Release|Any CPU.Build.0 = Release|Any CPU
		{E940FB5B-F944-43A4-9062-2ED517419161}.Debug|Any CPU.ActiveCfg = Debug|Any CPU
		{E940FB5B-F944-43A4-9062-2ED517419161}.Debug|Any CPU.Build.0 = Debug|Any CPU
		{E940FB5B-F944-43A4-9062-2ED517419161}.Release|Any CPU.ActiveCfg = Release|Any CPU
		{E940FB5B-F944-43A4-9062-2ED517419161}.Release|Any CPU.Build.0 = Release|Any CPU
		{20D7D5CF-7734-4368-A5E5-22F6DD4ED4AA}.Debug|Any CPU.ActiveCfg = Debug|Any CPU
		{20D7D5CF-7734-4368-A5E5-22F6DD4ED4AA}.Debug|Any CPU.Build.0 = Debug|Any CPU
		{20D7D5CF-7734-4368-A5E5-22F6DD4ED4AA}.Release|Any CPU.ActiveCfg = Release|Any CPU
		{20D7D5CF-7734-4368-A5E5-22F6DD4ED4AA}.Release|Any CPU.Build.0 = Release|Any CPU
	EndGlobalSection
	GlobalSection(SolutionProperties) = preSolution
		HideSolutionNode = FALSE
	EndGlobalSection
	GlobalSection(NestedProjects) = preSolution
		{812F8DE0-6219-4AC0-B3DE-5FCCD36494CE} = {2F557154-EC23-4E55-8F95-33903D9EE7AE}
		{AE91E33C-DB06-473E-B70E-DF62694F02A5} = {812F8DE0-6219-4AC0-B3DE-5FCCD36494CE}
		{DDD90A19-B13D-472E-A40C-535E81D0A37C} = {2F557154-EC23-4E55-8F95-33903D9EE7AE}
		{37F7FD39-6FC4-4CD1-AFA4-A5290ED09CC6} = {DDD90A19-B13D-472E-A40C-535E81D0A37C}
		{569CC738-9D88-424C-9D6E-93A8A20B713C} = {2F557154-EC23-4E55-8F95-33903D9EE7AE}
		{8CEA36C9-243C-4262-8190-7807CC82BA42} = {569CC738-9D88-424C-9D6E-93A8A20B713C}
		{C6DD1458-A5A4-4788-B8FF-3DB328E0999C} = {569CC738-9D88-424C-9D6E-93A8A20B713C}
		{BB53DDE8-4144-4A3B-8356-6F2C924D3686} = {569CC738-9D88-424C-9D6E-93A8A20B713C}
		{AEBA19C8-C1DB-460A-A3CE-9B4BF7437A53} = {8CEA36C9-243C-4262-8190-7807CC82BA42}
		{D5C18615-78E6-4022-9668-0058BC5DD172} = {8CEA36C9-243C-4262-8190-7807CC82BA42}
		{99EAA249-73D1-4336-8B7F-EF37768DBAE6} = {C6DD1458-A5A4-4788-B8FF-3DB328E0999C}
		{E940FB5B-F944-43A4-9062-2ED517419161} = {BB53DDE8-4144-4A3B-8356-6F2C924D3686}
		{20D7D5CF-7734-4368-A5E5-22F6DD4ED4AA} = {D259219C-EC2E-4716-BB5F-6170BE4BAA02}
	EndGlobalSection
	GlobalSection(ExtensibilityGlobals) = postSolution
		SolutionGuid = {C5CF2A04-992C-4D3B-B8D6-4559C3C7E011}
	EndGlobalSection
EndGlobal
